// !$*UTF8*$!
{
	archiveVersion = 1;
	classes = {
	};
	objectVersion = 46;
	objects = {

/* Begin PBXBuildFile section */
		9DB9582315837EA0004B341E /* QuartzCore.framework in Frameworks */ = {isa = PBXBuildFile; fileRef = 9DB9582215837EA0004B341E /* QuartzCore.framework */; };
		9DDA0A5F15828E1E00CB23D3 /* UIKit.framework in Frameworks */ = {isa = PBXBuildFile; fileRef = 9DDA0A5E15828E1E00CB23D3 /* UIKit.framework */; };
		9DDA0A6115828E1E00CB23D3 /* Foundation.framework in Frameworks */ = {isa = PBXBuildFile; fileRef = 9DDA0A6015828E1E00CB23D3 /* Foundation.framework */; };
		9DDA0A6315828E1E00CB23D3 /* CoreGraphics.framework in Frameworks */ = {isa = PBXBuildFile; fileRef = 9DDA0A6215828E1E00CB23D3 /* CoreGraphics.framework */; };
		9DDA0A6915828E1E00CB23D3 /* InfoPlist.strings in Resources */ = {isa = PBXBuildFile; fileRef = 9DDA0A6715828E1E00CB23D3 /* InfoPlist.strings */; };
		9DDA0A6B15828E1E00CB23D3 /* main.m in Sources */ = {isa = PBXBuildFile; fileRef = 9DDA0A6A15828E1E00CB23D3 /* main.m */; };
		9DDA0A6F15828E1E00CB23D3 /* AppDelegate.m in Sources */ = {isa = PBXBuildFile; fileRef = 9DDA0A6E15828E1E00CB23D3 /* AppDelegate.m */; };
		9DDA0A7215828E1E00CB23D3 /* ViewController.m in Sources */ = {isa = PBXBuildFile; fileRef = 9DDA0A7115828E1E00CB23D3 /* ViewController.m */; };
		9DDA0A7515828E1E00CB23D3 /* ViewController.xib in Resources */ = {isa = PBXBuildFile; fileRef = 9DDA0A7315828E1E00CB23D3 /* ViewController.xib */; };
		9DDA0A811582A15500CB23D3 /* GraphView.m in Sources */ = {isa = PBXBuildFile; fileRef = 9DDA0A801582A15500CB23D3 /* GraphView.m */; };
		9DDA0AD61582A1D500CB23D3 /* libCorePlot-CocoaTouch.a in Frameworks */ = {isa = PBXBuildFile; fileRef = 9DDA0AD51582A1D500CB23D3 /* libCorePlot-CocoaTouch.a */; };
/* End PBXBuildFile section */

/* Begin PBXFileReference section */
		9DB9582215837EA0004B341E /* QuartzCore.framework */ = {isa = PBXFileReference; lastKnownFileType = wrapper.framework; name = QuartzCore.framework; path = System/Library/Frameworks/QuartzCore.framework; sourceTree = SDKROOT; };
		9DDA0A5A15828E1E00CB23D3 /* CorePlotBarChartExample.app */ = {isa = PBXFileReference; explicitFileType = wrapper.application; includeInIndex = 0; path = CorePlotBarChartExample.app; sourceTree = BUILT_PRODUCTS_DIR; };
		9DDA0A5E15828E1E00CB23D3 /* UIKit.framework */ = {isa = PBXFileReference; lastKnownFileType = wrapper.framework; name = UIKit.framework; path = System/Library/Frameworks/UIKit.framework; sourceTree = SDKROOT; };
		9DDA0A6015828E1E00CB23D3 /* Foundation.framework */ = {isa = PBXFileReference; lastKnownFileType = wrapper.framework; name = Foundation.framework; path = System/Library/Frameworks/Foundation.framework; sourceTree = SDKROOT; };
		9DDA0A6215828E1E00CB23D3 /* CoreGraphics.framework */ = {isa = PBXFileReference; lastKnownFileType = wrapper.framework; name = CoreGraphics.framework; path = System/Library/Frameworks/CoreGraphics.framework; sourceTree = SDKROOT; };
		9DDA0A6615828E1E00CB23D3 /* CorePlotBarChartExample-Info.plist */ = {isa = PBXFileReference; lastKnownFileType = text.plist.xml; path = "CorePlotBarChartExample-Info.plist"; sourceTree = "<group>"; };
		9DDA0A6815828E1E00CB23D3 /* en */ = {isa = PBXFileReference; lastKnownFileType = text.plist.strings; name = en; path = en.lproj/InfoPlist.strings; sourceTree = "<group>"; };
		9DDA0A6A15828E1E00CB23D3 /* main.m */ = {isa = PBXFileReference; lastKnownFileType = sourcecode.c.objc; path = main.m; sourceTree = "<group>"; };
		9DDA0A6C15828E1E00CB23D3 /* CorePlotBarChartExample-Prefix.pch */ = {isa = PBXFileReference; lastKnownFileType = sourcecode.c.h; path = "CorePlotBarChartExample-Prefix.pch"; sourceTree = "<group>"; };
		9DDA0A6D15828E1E00CB23D3 /* AppDelegate.h */ = {isa = PBXFileReference; lastKnownFileType = sourcecode.c.h; path = AppDelegate.h; sourceTree = "<group>"; };
		9DDA0A6E15828E1E00CB23D3 /* AppDelegate.m */ = {isa = PBXFileReference; lastKnownFileType = sourcecode.c.objc; path = AppDelegate.m; sourceTree = "<group>"; };
		9DDA0A7015828E1E00CB23D3 /* ViewController.h */ = {isa = PBXFileReference; lastKnownFileType = sourcecode.c.h; path = ViewController.h; sourceTree = "<group>"; };
		9DDA0A7115828E1E00CB23D3 /* ViewController.m */ = {isa = PBXFileReference; lastKnownFileType = sourcecode.c.objc; path = ViewController.m; sourceTree = "<group>"; };
		9DDA0A7415828E1E00CB23D3 /* en */ = {isa = PBXFileReference; lastKnownFileType = file.xib; name = en; path = en.lproj/ViewController.xib; sourceTree = "<group>"; };
		9DDA0A7F1582A15500CB23D3 /* GraphView.h */ = {isa = PBXFileReference; fileEncoding = 4; lastKnownFileType = sourcecode.c.h; path = GraphView.h; sourceTree = "<group>"; };
		9DDA0A801582A15500CB23D3 /* GraphView.m */ = {isa = PBXFileReference; fileEncoding = 4; lastKnownFileType = sourcecode.c.objc; path = GraphView.m; sourceTree = "<group>"; };
		9DDA0A861582A1D500CB23D3 /* _CPTConstraintsFixed.h */ = {isa = PBXFileReference; fileEncoding = 4; lastKnownFileType = sourcecode.c.h; path = _CPTConstraintsFixed.h; sourceTree = "<group>"; };
		9DDA0A871582A1D500CB23D3 /* _CPTConstraintsRelative.h */ = {isa = PBXFileReference; fileEncoding = 4; lastKnownFileType = sourcecode.c.h; path = _CPTConstraintsRelative.h; sourceTree = "<group>"; };
		9DDA0A881582A1D500CB23D3 /* _CPTDarkGradientTheme.h */ = {isa = PBXFileReference; fileEncoding = 4; lastKnownFileType = sourcecode.c.h; path = _CPTDarkGradientTheme.h; sourceTree = "<group>"; };
		9DDA0A891582A1D500CB23D3 /* _CPTFillColor.h */ = {isa = PBXFileReference; fileEncoding = 4; lastKnownFileType = sourcecode.c.h; path = _CPTFillColor.h; sourceTree = "<group>"; };
		9DDA0A8A1582A1D500CB23D3 /* _CPTFillGradient.h */ = {isa = PBXFileReference; fileEncoding = 4; lastKnownFileType = sourcecode.c.h; path = _CPTFillGradient.h; sourceTree = "<group>"; };
		9DDA0A8B1582A1D500CB23D3 /* _CPTFillImage.h */ = {isa = PBXFileReference; fileEncoding = 4; lastKnownFileType = sourcecode.c.h; path = _CPTFillImage.h; sourceTree = "<group>"; };
		9DDA0A8C1582A1D500CB23D3 /* _CPTPlainBlackTheme.h */ = {isa = PBXFileReference; fileEncoding = 4; lastKnownFileType = sourcecode.c.h; path = _CPTPlainBlackTheme.h; sourceTree = "<group>"; };
		9DDA0A8D1582A1D500CB23D3 /* _CPTPlainWhiteTheme.h */ = {isa = PBXFileReference; fileEncoding = 4; lastKnownFileType = sourcecode.c.h; path = _CPTPlainWhiteTheme.h; sourceTree = "<group>"; };
		9DDA0A8E1582A1D500CB23D3 /* _CPTSlateTheme.h */ = {isa = PBXFileReference; fileEncoding = 4; lastKnownFileType = sourcecode.c.h; path = _CPTSlateTheme.h; sourceTree = "<group>"; };
		9DDA0A8F1582A1D500CB23D3 /* _CPTStocksTheme.h */ = {isa = PBXFileReference; fileEncoding = 4; lastKnownFileType = sourcecode.c.h; path = _CPTStocksTheme.h; sourceTree = "<group>"; };
		9DDA0A901582A1D500CB23D3 /* _CPTXYTheme.h */ = {isa = PBXFileReference; fileEncoding = 4; lastKnownFileType = sourcecode.c.h; path = _CPTXYTheme.h; sourceTree = "<group>"; };
		9DDA0A911582A1D500CB23D3 /* CorePlot-CocoaTouch.h */ = {isa = PBXFileReference; fileEncoding = 4; lastKnownFileType = sourcecode.c.h; path = "CorePlot-CocoaTouch.h"; sourceTree = "<group>"; };
		9DDA0A921582A1D500CB23D3 /* CPTAnnotation.h */ = {isa = PBXFileReference; fileEncoding = 4; lastKnownFileType = sourcecode.c.h; path = CPTAnnotation.h; sourceTree = "<group>"; };
		9DDA0A931582A1D500CB23D3 /* CPTAnnotationHostLayer.h */ = {isa = PBXFileReference; fileEncoding = 4; lastKnownFileType = sourcecode.c.h; path = CPTAnnotationHostLayer.h; sourceTree = "<group>"; };
		9DDA0A941582A1D500CB23D3 /* CPTAxis.h */ = {isa = PBXFileReference; fileEncoding = 4; lastKnownFileType = sourcecode.c.h; path = CPTAxis.h; sourceTree = "<group>"; };
		9DDA0A951582A1D500CB23D3 /* CPTAxisLabel.h */ = {isa = PBXFileReference; fileEncoding = 4; lastKnownFileType = sourcecode.c.h; path = CPTAxisLabel.h; sourceTree = "<group>"; };
		9DDA0A961582A1D500CB23D3 /* CPTAxisLabelGroup.h */ = {isa = PBXFileReference; fileEncoding = 4; lastKnownFileType = sourcecode.c.h; path = CPTAxisLabelGroup.h; sourceTree = "<group>"; };
		9DDA0A971582A1D500CB23D3 /* CPTAxisSet.h */ = {isa = PBXFileReference; fileEncoding = 4; lastKnownFileType = sourcecode.c.h; path = CPTAxisSet.h; sourceTree = "<group>"; };
		9DDA0A981582A1D500CB23D3 /* CPTAxisTitle.h */ = {isa = PBXFileReference; fileEncoding = 4; lastKnownFileType = sourcecode.c.h; path = CPTAxisTitle.h; sourceTree = "<group>"; };
		9DDA0A991582A1D500CB23D3 /* CPTBarPlot.h */ = {isa = PBXFileReference; fileEncoding = 4; lastKnownFileType = sourcecode.c.h; path = CPTBarPlot.h; sourceTree = "<group>"; };
		9DDA0A9A1582A1D500CB23D3 /* CPTBorderedLayer.h */ = {isa = PBXFileReference; fileEncoding = 4; lastKnownFileType = sourcecode.c.h; path = CPTBorderedLayer.h; sourceTree = "<group>"; };
		9DDA0A9B1582A1D500CB23D3 /* CPTColor.h */ = {isa = PBXFileReference; fileEncoding = 4; lastKnownFileType = sourcecode.c.h; path = CPTColor.h; sourceTree = "<group>"; };
		9DDA0A9C1582A1D500CB23D3 /* CPTColorSpace.h */ = {isa = PBXFileReference; fileEncoding = 4; lastKnownFileType = sourcecode.c.h; path = CPTColorSpace.h; sourceTree = "<group>"; };
		9DDA0A9D1582A1D500CB23D3 /* CPTConstraints.h */ = {isa = PBXFileReference; fileEncoding = 4; lastKnownFileType = sourcecode.c.h; path = CPTConstraints.h; sourceTree = "<group>"; };
		9DDA0A9E1582A1D500CB23D3 /* CPTDefinitions.h */ = {isa = PBXFileReference; fileEncoding = 4; lastKnownFileType = sourcecode.c.h; path = CPTDefinitions.h; sourceTree = "<group>"; };
		9DDA0A9F1582A1D500CB23D3 /* CPTExceptions.h */ = {isa = PBXFileReference; fileEncoding = 4; lastKnownFileType = sourcecode.c.h; path = CPTExceptions.h; sourceTree = "<group>"; };
		9DDA0AA01582A1D500CB23D3 /* CPTFill.h */ = {isa = PBXFileReference; fileEncoding = 4; lastKnownFileType = sourcecode.c.h; path = CPTFill.h; sourceTree = "<group>"; };
		9DDA0AA11582A1D500CB23D3 /* CPTGradient.h */ = {isa = PBXFileReference; fileEncoding = 4; lastKnownFileType = sourcecode.c.h; path = CPTGradient.h; sourceTree = "<group>"; };
		9DDA0AA21582A1D500CB23D3 /* CPTGraph.h */ = {isa = PBXFileReference; fileEncoding = 4; lastKnownFileType = sourcecode.c.h; path = CPTGraph.h; sourceTree = "<group>"; };
		9DDA0AA31582A1D500CB23D3 /* CPTGraphHostingView.h */ = {isa = PBXFileReference; fileEncoding = 4; lastKnownFileType = sourcecode.c.h; path = CPTGraphHostingView.h; sourceTree = "<group>"; };
		9DDA0AA41582A1D500CB23D3 /* CPTGridLineGroup.h */ = {isa = PBXFileReference; fileEncoding = 4; lastKnownFileType = sourcecode.c.h; path = CPTGridLineGroup.h; sourceTree = "<group>"; };
		9DDA0AA51582A1D500CB23D3 /* CPTGridLines.h */ = {isa = PBXFileReference; fileEncoding = 4; lastKnownFileType = sourcecode.c.h; path = CPTGridLines.h; sourceTree = "<group>"; };
		9DDA0AA61582A1D500CB23D3 /* CPTImage.h */ = {isa = PBXFileReference; fileEncoding = 4; lastKnownFileType = sourcecode.c.h; path = CPTImage.h; sourceTree = "<group>"; };
		9DDA0AA71582A1D500CB23D3 /* CPTLayer.h */ = {isa = PBXFileReference; fileEncoding = 4; lastKnownFileType = sourcecode.c.h; path = CPTLayer.h; sourceTree = "<group>"; };
		9DDA0AA81582A1D500CB23D3 /* CPTLayerAnnotation.h */ = {isa = PBXFileReference; fileEncoding = 4; lastKnownFileType = sourcecode.c.h; path = CPTLayerAnnotation.h; sourceTree = "<group>"; };
		9DDA0AA91582A1D500CB23D3 /* CPTLegend.h */ = {isa = PBXFileReference; fileEncoding = 4; lastKnownFileType = sourcecode.c.h; path = CPTLegend.h; sourceTree = "<group>"; };
		9DDA0AAA1582A1D500CB23D3 /* CPTLegendEntry.h */ = {isa = PBXFileReference; fileEncoding = 4; lastKnownFileType = sourcecode.c.h; path = CPTLegendEntry.h; sourceTree = "<group>"; };
		9DDA0AAB1582A1D500CB23D3 /* CPTLimitBand.h */ = {isa = PBXFileReference; fileEncoding = 4; lastKnownFileType = sourcecode.c.h; path = CPTLimitBand.h; sourceTree = "<group>"; };
		9DDA0AAC1582A1D500CB23D3 /* CPTLineCap.h */ = {isa = PBXFileReference; fileEncoding = 4; lastKnownFileType = sourcecode.c.h; path = CPTLineCap.h; sourceTree = "<group>"; };
		9DDA0AAD1582A1D500CB23D3 /* CPTLineStyle.h */ = {isa = PBXFileReference; fileEncoding = 4; lastKnownFileType = sourcecode.c.h; path = CPTLineStyle.h; sourceTree = "<group>"; };
		9DDA0AAE1582A1D500CB23D3 /* CPTMutableLineStyle.h */ = {isa = PBXFileReference; fileEncoding = 4; lastKnownFileType = sourcecode.c.h; path = CPTMutableLineStyle.h; sourceTree = "<group>"; };
		9DDA0AAF1582A1D500CB23D3 /* CPTMutableNumericData+TypeConversion.h */ = {isa = PBXFileReference; fileEncoding = 4; lastKnownFileType = sourcecode.c.h; path = "CPTMutableNumericData+TypeConversion.h"; sourceTree = "<group>"; };
		9DDA0AB01582A1D500CB23D3 /* CPTMutableNumericData.h */ = {isa = PBXFileReference; fileEncoding = 4; lastKnownFileType = sourcecode.c.h; path = CPTMutableNumericData.h; sourceTree = "<group>"; };
		9DDA0AB11582A1D500CB23D3 /* CPTMutablePlotRange.h */ = {isa = PBXFileReference; fileEncoding = 4; lastKnownFileType = sourcecode.c.h; path = CPTMutablePlotRange.h; sourceTree = "<group>"; };
		9DDA0AB21582A1D500CB23D3 /* CPTMutableShadow.h */ = {isa = PBXFileReference; fileEncoding = 4; lastKnownFileType = sourcecode.c.h; path = CPTMutableShadow.h; sourceTree = "<group>"; };
		9DDA0AB31582A1D500CB23D3 /* CPTMutableTextStyle.h */ = {isa = PBXFileReference; fileEncoding = 4; lastKnownFileType = sourcecode.c.h; path = CPTMutableTextStyle.h; sourceTree = "<group>"; };
		9DDA0AB41582A1D500CB23D3 /* CPTNumericData+TypeConversion.h */ = {isa = PBXFileReference; fileEncoding = 4; lastKnownFileType = sourcecode.c.h; path = "CPTNumericData+TypeConversion.h"; sourceTree = "<group>"; };
		9DDA0AB51582A1D500CB23D3 /* CPTNumericData.h */ = {isa = PBXFileReference; fileEncoding = 4; lastKnownFileType = sourcecode.c.h; path = CPTNumericData.h; sourceTree = "<group>"; };
		9DDA0AB61582A1D500CB23D3 /* CPTNumericDataType.h */ = {isa = PBXFileReference; fileEncoding = 4; lastKnownFileType = sourcecode.c.h; path = CPTNumericDataType.h; sourceTree = "<group>"; };
		9DDA0AB71582A1D500CB23D3 /* CPTPathExtensions.h */ = {isa = PBXFileReference; fileEncoding = 4; lastKnownFileType = sourcecode.c.h; path = CPTPathExtensions.h; sourceTree = "<group>"; };
		9DDA0AB81582A1D500CB23D3 /* CPTPieChart.h */ = {isa = PBXFileReference; fileEncoding = 4; lastKnownFileType = sourcecode.c.h; path = CPTPieChart.h; sourceTree = "<group>"; };
		9DDA0AB91582A1D500CB23D3 /* CPTPlatformSpecificCategories.h */ = {isa = PBXFileReference; fileEncoding = 4; lastKnownFileType = sourcecode.c.h; path = CPTPlatformSpecificCategories.h; sourceTree = "<group>"; };
		9DDA0ABA1582A1D500CB23D3 /* CPTPlatformSpecificDefines.h */ = {isa = PBXFileReference; fileEncoding = 4; lastKnownFileType = sourcecode.c.h; path = CPTPlatformSpecificDefines.h; sourceTree = "<group>"; };
		9DDA0ABB1582A1D500CB23D3 /* CPTPlatformSpecificFunctions.h */ = {isa = PBXFileReference; fileEncoding = 4; lastKnownFileType = sourcecode.c.h; path = CPTPlatformSpecificFunctions.h; sourceTree = "<group>"; };
		9DDA0ABC1582A1D500CB23D3 /* CPTPlot.h */ = {isa = PBXFileReference; fileEncoding = 4; lastKnownFileType = sourcecode.c.h; path = CPTPlot.h; sourceTree = "<group>"; };
		9DDA0ABD1582A1D500CB23D3 /* CPTPlotArea.h */ = {isa = PBXFileReference; fileEncoding = 4; lastKnownFileType = sourcecode.c.h; path = CPTPlotArea.h; sourceTree = "<group>"; };
		9DDA0ABE1582A1D500CB23D3 /* CPTPlotAreaFrame.h */ = {isa = PBXFileReference; fileEncoding = 4; lastKnownFileType = sourcecode.c.h; path = CPTPlotAreaFrame.h; sourceTree = "<group>"; };
		9DDA0ABF1582A1D500CB23D3 /* CPTPlotGroup.h */ = {isa = PBXFileReference; fileEncoding = 4; lastKnownFileType = sourcecode.c.h; path = CPTPlotGroup.h; sourceTree = "<group>"; };
		9DDA0AC01582A1D500CB23D3 /* CPTPlotRange.h */ = {isa = PBXFileReference; fileEncoding = 4; lastKnownFileType = sourcecode.c.h; path = CPTPlotRange.h; sourceTree = "<group>"; };
		9DDA0AC11582A1D500CB23D3 /* CPTPlotSpace.h */ = {isa = PBXFileReference; fileEncoding = 4; lastKnownFileType = sourcecode.c.h; path = CPTPlotSpace.h; sourceTree = "<group>"; };
		9DDA0AC21582A1D500CB23D3 /* CPTPlotSpaceAnnotation.h */ = {isa = PBXFileReference; fileEncoding = 4; lastKnownFileType = sourcecode.c.h; path = CPTPlotSpaceAnnotation.h; sourceTree = "<group>"; };
		9DDA0AC31582A1D500CB23D3 /* CPTPlotSymbol.h */ = {isa = PBXFileReference; fileEncoding = 4; lastKnownFileType = sourcecode.c.h; path = CPTPlotSymbol.h; sourceTree = "<group>"; };
		9DDA0AC41582A1D500CB23D3 /* CPTRangePlot.h */ = {isa = PBXFileReference; fileEncoding = 4; lastKnownFileType = sourcecode.c.h; path = CPTRangePlot.h; sourceTree = "<group>"; };
		9DDA0AC51582A1D500CB23D3 /* CPTResponder.h */ = {isa = PBXFileReference; fileEncoding = 4; lastKnownFileType = sourcecode.c.h; path = CPTResponder.h; sourceTree = "<group>"; };
		9DDA0AC61582A1D500CB23D3 /* CPTScatterPlot.h */ = {isa = PBXFileReference; fileEncoding = 4; lastKnownFileType = sourcecode.c.h; path = CPTScatterPlot.h; sourceTree = "<group>"; };
		9DDA0AC71582A1D500CB23D3 /* CPTShadow.h */ = {isa = PBXFileReference; fileEncoding = 4; lastKnownFileType = sourcecode.c.h; path = CPTShadow.h; sourceTree = "<group>"; };
		9DDA0AC81582A1D500CB23D3 /* CPTTextLayer.h */ = {isa = PBXFileReference; fileEncoding = 4; lastKnownFileType = sourcecode.c.h; path = CPTTextLayer.h; sourceTree = "<group>"; };
		9DDA0AC91582A1D500CB23D3 /* CPTTextStyle.h */ = {isa = PBXFileReference; fileEncoding = 4; lastKnownFileType = sourcecode.c.h; path = CPTTextStyle.h; sourceTree = "<group>"; };
		9DDA0ACA1582A1D500CB23D3 /* CPTTheme.h */ = {isa = PBXFileReference; fileEncoding = 4; lastKnownFileType = sourcecode.c.h; path = CPTTheme.h; sourceTree = "<group>"; };
		9DDA0ACB1582A1D500CB23D3 /* CPTTimeFormatter.h */ = {isa = PBXFileReference; fileEncoding = 4; lastKnownFileType = sourcecode.c.h; path = CPTTimeFormatter.h; sourceTree = "<group>"; };
		9DDA0ACC1582A1D500CB23D3 /* CPTTradingRangePlot.h */ = {isa = PBXFileReference; fileEncoding = 4; lastKnownFileType = sourcecode.c.h; path = CPTTradingRangePlot.h; sourceTree = "<group>"; };
		9DDA0ACD1582A1D500CB23D3 /* CPTUtilities.h */ = {isa = PBXFileReference; fileEncoding = 4; lastKnownFileType = sourcecode.c.h; path = CPTUtilities.h; sourceTree = "<group>"; };
		9DDA0ACE1582A1D500CB23D3 /* CPTXYAxis.h */ = {isa = PBXFileReference; fileEncoding = 4; lastKnownFileType = sourcecode.c.h; path = CPTXYAxis.h; sourceTree = "<group>"; };
		9DDA0ACF1582A1D500CB23D3 /* CPTXYAxisSet.h */ = {isa = PBXFileReference; fileEncoding = 4; lastKnownFileType = sourcecode.c.h; path = CPTXYAxisSet.h; sourceTree = "<group>"; };
		9DDA0AD01582A1D500CB23D3 /* CPTXYGraph.h */ = {isa = PBXFileReference; fileEncoding = 4; lastKnownFileType = sourcecode.c.h; path = CPTXYGraph.h; sourceTree = "<group>"; };
		9DDA0AD11582A1D500CB23D3 /* CPTXYPlotSpace.h */ = {isa = PBXFileReference; fileEncoding = 4; lastKnownFileType = sourcecode.c.h; path = CPTXYPlotSpace.h; sourceTree = "<group>"; };
		9DDA0AD21582A1D500CB23D3 /* NSCoderExtensions.h */ = {isa = PBXFileReference; fileEncoding = 4; lastKnownFileType = sourcecode.c.h; path = NSCoderExtensions.h; sourceTree = "<group>"; };
		9DDA0AD31582A1D500CB23D3 /* NSDecimalNumberExtensions.h */ = {isa = PBXFileReference; fileEncoding = 4; lastKnownFileType = sourcecode.c.h; path = NSDecimalNumberExtensions.h; sourceTree = "<group>"; };
		9DDA0AD41582A1D500CB23D3 /* NSNumberExtensions.h */ = {isa = PBXFileReference; fileEncoding = 4; lastKnownFileType = sourcecode.c.h; path = NSNumberExtensions.h; sourceTree = "<group>"; };
		9DDA0AD51582A1D500CB23D3 /* libCorePlot-CocoaTouch.a */ = {isa = PBXFileReference; lastKnownFileType = archive.ar; path = "libCorePlot-CocoaTouch.a"; sourceTree = "<group>"; };
/* End PBXFileReference section */

/* Begin PBXFrameworksBuildPhase section */
		9DDA0A5715828E1E00CB23D3 /* Frameworks */ = {
			isa = PBXFrameworksBuildPhase;
			buildActionMask = 2147483647;
			files = (
				9DB9582315837EA0004B341E /* QuartzCore.framework in Frameworks */,
				9DDA0A5F15828E1E00CB23D3 /* UIKit.framework in Frameworks */,
				9DDA0A6115828E1E00CB23D3 /* Foundation.framework in Frameworks */,
				9DDA0A6315828E1E00CB23D3 /* CoreGraphics.framework in Frameworks */,
				9DDA0AD61582A1D500CB23D3 /* libCorePlot-CocoaTouch.a in Frameworks */,
			);
			runOnlyForDeploymentPostprocessing = 0;
		};
/* End PBXFrameworksBuildPhase section */

/* Begin PBXGroup section */
		9DDA0A4F15828E1E00CB23D3 = {
			isa = PBXGroup;
			children = (
				9DB9582215837EA0004B341E /* QuartzCore.framework */,
				9DDA0A6415828E1E00CB23D3 /* CorePlotBarChartExample */,
				9DDA0A5D15828E1E00CB23D3 /* Frameworks */,
				9DDA0A5B15828E1E00CB23D3 /* Products */,
			);
			sourceTree = "<group>";
		};
		9DDA0A5B15828E1E00CB23D3 /* Products */ = {
			isa = PBXGroup;
			children = (
				9DDA0A5A15828E1E00CB23D3 /* CorePlotBarChartExample.app */,
			);
			name = Products;
			sourceTree = "<group>";
		};
		9DDA0A5D15828E1E00CB23D3 /* Frameworks */ = {
			isa = PBXGroup;
			children = (
				9DDA0A5E15828E1E00CB23D3 /* UIKit.framework */,
				9DDA0A6015828E1E00CB23D3 /* Foundation.framework */,
				9DDA0A6215828E1E00CB23D3 /* CoreGraphics.framework */,
			);
			name = Frameworks;
			sourceTree = "<group>";
		};
		9DDA0A6415828E1E00CB23D3 /* CorePlotBarChartExample */ = {
			isa = PBXGroup;
			children = (
				9DDA0A6D15828E1E00CB23D3 /* AppDelegate.h */,
				9DDA0A6E15828E1E00CB23D3 /* AppDelegate.m */,
				9DDA0A7F1582A15500CB23D3 /* GraphView.h */,
				9DDA0A801582A15500CB23D3 /* GraphView.m */,
				9DDA0A7015828E1E00CB23D3 /* ViewController.h */,
				9DDA0A7115828E1E00CB23D3 /* ViewController.m */,
				9DDA0A831582A1C900CB23D3 /* Libraries */,
				9DDA0A6515828E1E00CB23D3 /* Supporting Files */,
				9DDA0A821582A1B200CB23D3 /* UI */,
			);
			path = CorePlotBarChartExample;
			sourceTree = "<group>";
		};
		9DDA0A6515828E1E00CB23D3 /* Supporting Files */ = {
			isa = PBXGroup;
			children = (
				9DDA0A6615828E1E00CB23D3 /* CorePlotBarChartExample-Info.plist */,
				9DDA0A6715828E1E00CB23D3 /* InfoPlist.strings */,
				9DDA0A6A15828E1E00CB23D3 /* main.m */,
				9DDA0A6C15828E1E00CB23D3 /* CorePlotBarChartExample-Prefix.pch */,
			);
			name = "Supporting Files";
			sourceTree = "<group>";
		};
		9DDA0A821582A1B200CB23D3 /* UI */ = {
			isa = PBXGroup;
			children = (
				9DDA0A7315828E1E00CB23D3 /* ViewController.xib */,
			);
			name = UI;
			sourceTree = "<group>";
		};
		9DDA0A831582A1C900CB23D3 /* Libraries */ = {
			isa = PBXGroup;
			children = (
				9DDA0A841582A1D500CB23D3 /* CorePlot */,
			);
			name = Libraries;
			sourceTree = "<group>";
		};
		9DDA0A841582A1D500CB23D3 /* CorePlot */ = {
			isa = PBXGroup;
			children = (
				9DDA0A851582A1D500CB23D3 /* CorePlotHeaders */,
				9DDA0AD51582A1D500CB23D3 /* libCorePlot-CocoaTouch.a */,
			);
			name = CorePlot;
			path = Libraries/CorePlot;
			sourceTree = "<group>";
		};
		9DDA0A851582A1D500CB23D3 /* CorePlotHeaders */ = {
			isa = PBXGroup;
			children = (
				9DDA0A861582A1D500CB23D3 /* _CPTConstraintsFixed.h */,
				9DDA0A871582A1D500CB23D3 /* _CPTConstraintsRelative.h */,
				9DDA0A881582A1D500CB23D3 /* _CPTDarkGradientTheme.h */,
				9DDA0A891582A1D500CB23D3 /* _CPTFillColor.h */,
				9DDA0A8A1582A1D500CB23D3 /* _CPTFillGradient.h */,
				9DDA0A8B1582A1D500CB23D3 /* _CPTFillImage.h */,
				9DDA0A8C1582A1D500CB23D3 /* _CPTPlainBlackTheme.h */,
				9DDA0A8D1582A1D500CB23D3 /* _CPTPlainWhiteTheme.h */,
				9DDA0A8E1582A1D500CB23D3 /* _CPTSlateTheme.h */,
				9DDA0A8F1582A1D500CB23D3 /* _CPTStocksTheme.h */,
				9DDA0A901582A1D500CB23D3 /* _CPTXYTheme.h */,
				9DDA0A911582A1D500CB23D3 /* CorePlot-CocoaTouch.h */,
				9DDA0A921582A1D500CB23D3 /* CPTAnnotation.h */,
				9DDA0A931582A1D500CB23D3 /* CPTAnnotationHostLayer.h */,
				9DDA0A941582A1D500CB23D3 /* CPTAxis.h */,
				9DDA0A951582A1D500CB23D3 /* CPTAxisLabel.h */,
				9DDA0A961582A1D500CB23D3 /* CPTAxisLabelGroup.h */,
				9DDA0A971582A1D500CB23D3 /* CPTAxisSet.h */,
				9DDA0A981582A1D500CB23D3 /* CPTAxisTitle.h */,
				9DDA0A991582A1D500CB23D3 /* CPTBarPlot.h */,
				9DDA0A9A1582A1D500CB23D3 /* CPTBorderedLayer.h */,
				9DDA0A9B1582A1D500CB23D3 /* CPTColor.h */,
				9DDA0A9C1582A1D500CB23D3 /* CPTColorSpace.h */,
				9DDA0A9D1582A1D500CB23D3 /* CPTConstraints.h */,
				9DDA0A9E1582A1D500CB23D3 /* CPTDefinitions.h */,
				9DDA0A9F1582A1D500CB23D3 /* CPTExceptions.h */,
				9DDA0AA01582A1D500CB23D3 /* CPTFill.h */,
				9DDA0AA11582A1D500CB23D3 /* CPTGradient.h */,
				9DDA0AA21582A1D500CB23D3 /* CPTGraph.h */,
				9DDA0AA31582A1D500CB23D3 /* CPTGraphHostingView.h */,
				9DDA0AA41582A1D500CB23D3 /* CPTGridLineGroup.h */,
				9DDA0AA51582A1D500CB23D3 /* CPTGridLines.h */,
				9DDA0AA61582A1D500CB23D3 /* CPTImage.h */,
				9DDA0AA71582A1D500CB23D3 /* CPTLayer.h */,
				9DDA0AA81582A1D500CB23D3 /* CPTLayerAnnotation.h */,
				9DDA0AA91582A1D500CB23D3 /* CPTLegend.h */,
				9DDA0AAA1582A1D500CB23D3 /* CPTLegendEntry.h */,
				9DDA0AAB1582A1D500CB23D3 /* CPTLimitBand.h */,
				9DDA0AAC1582A1D500CB23D3 /* CPTLineCap.h */,
				9DDA0AAD1582A1D500CB23D3 /* CPTLineStyle.h */,
				9DDA0AAE1582A1D500CB23D3 /* CPTMutableLineStyle.h */,
				9DDA0AAF1582A1D500CB23D3 /* CPTMutableNumericData+TypeConversion.h */,
				9DDA0AB01582A1D500CB23D3 /* CPTMutableNumericData.h */,
				9DDA0AB11582A1D500CB23D3 /* CPTMutablePlotRange.h */,
				9DDA0AB21582A1D500CB23D3 /* CPTMutableShadow.h */,
				9DDA0AB31582A1D500CB23D3 /* CPTMutableTextStyle.h */,
				9DDA0AB41582A1D500CB23D3 /* CPTNumericData+TypeConversion.h */,
				9DDA0AB51582A1D500CB23D3 /* CPTNumericData.h */,
				9DDA0AB61582A1D500CB23D3 /* CPTNumericDataType.h */,
				9DDA0AB71582A1D500CB23D3 /* CPTPathExtensions.h */,
				9DDA0AB81582A1D500CB23D3 /* CPTPieChart.h */,
				9DDA0AB91582A1D500CB23D3 /* CPTPlatformSpecificCategories.h */,
				9DDA0ABA1582A1D500CB23D3 /* CPTPlatformSpecificDefines.h */,
				9DDA0ABB1582A1D500CB23D3 /* CPTPlatformSpecificFunctions.h */,
				9DDA0ABC1582A1D500CB23D3 /* CPTPlot.h */,
				9DDA0ABD1582A1D500CB23D3 /* CPTPlotArea.h */,
				9DDA0ABE1582A1D500CB23D3 /* CPTPlotAreaFrame.h */,
				9DDA0ABF1582A1D500CB23D3 /* CPTPlotGroup.h */,
				9DDA0AC01582A1D500CB23D3 /* CPTPlotRange.h */,
				9DDA0AC11582A1D500CB23D3 /* CPTPlotSpace.h */,
				9DDA0AC21582A1D500CB23D3 /* CPTPlotSpaceAnnotation.h */,
				9DDA0AC31582A1D500CB23D3 /* CPTPlotSymbol.h */,
				9DDA0AC41582A1D500CB23D3 /* CPTRangePlot.h */,
				9DDA0AC51582A1D500CB23D3 /* CPTResponder.h */,
				9DDA0AC61582A1D500CB23D3 /* CPTScatterPlot.h */,
				9DDA0AC71582A1D500CB23D3 /* CPTShadow.h */,
				9DDA0AC81582A1D500CB23D3 /* CPTTextLayer.h */,
				9DDA0AC91582A1D500CB23D3 /* CPTTextStyle.h */,
				9DDA0ACA1582A1D500CB23D3 /* CPTTheme.h */,
				9DDA0ACB1582A1D500CB23D3 /* CPTTimeFormatter.h */,
				9DDA0ACC1582A1D500CB23D3 /* CPTTradingRangePlot.h */,
				9DDA0ACD1582A1D500CB23D3 /* CPTUtilities.h */,
				9DDA0ACE1582A1D500CB23D3 /* CPTXYAxis.h */,
				9DDA0ACF1582A1D500CB23D3 /* CPTXYAxisSet.h */,
				9DDA0AD01582A1D500CB23D3 /* CPTXYGraph.h */,
				9DDA0AD11582A1D500CB23D3 /* CPTXYPlotSpace.h */,
				9DDA0AD21582A1D500CB23D3 /* NSCoderExtensions.h */,
				9DDA0AD31582A1D500CB23D3 /* NSDecimalNumberExtensions.h */,
				9DDA0AD41582A1D500CB23D3 /* NSNumberExtensions.h */,
			);
			path = CorePlotHeaders;
			sourceTree = "<group>";
		};
/* End PBXGroup section */

/* Begin PBXNativeTarget section */
		9DDA0A5915828E1E00CB23D3 /* CorePlotBarChartExample */ = {
			isa = PBXNativeTarget;
			buildConfigurationList = 9DDA0A7815828E1E00CB23D3 /* Build configuration list for PBXNativeTarget "CorePlotBarChartExample" */;
			buildPhases = (
				9DDA0A5615828E1E00CB23D3 /* Sources */,
				9DDA0A5715828E1E00CB23D3 /* Frameworks */,
				9DDA0A5815828E1E00CB23D3 /* Resources */,
			);
			buildRules = (
			);
			dependencies = (
			);
			name = CorePlotBarChartExample;
			productName = CorePlotBarChartExample;
			productReference = 9DDA0A5A15828E1E00CB23D3 /* CorePlotBarChartExample.app */;
			productType = "com.apple.product-type.application";
		};
/* End PBXNativeTarget section */

/* Begin PBXProject section */
		9DDA0A5115828E1E00CB23D3 /* Project object */ = {
			isa = PBXProject;
			attributes = {
				LastUpgradeCheck = 0430;
				ORGANIZATIONNAME = "Gilthonwe Apps";
			};
			buildConfigurationList = 9DDA0A5415828E1E00CB23D3 /* Build configuration list for PBXProject "CorePlotBarChartExample" */;
			compatibilityVersion = "Xcode 3.2";
			developmentRegion = English;
			hasScannedForEncodings = 0;
			knownRegions = (
				en,
			);
			mainGroup = 9DDA0A4F15828E1E00CB23D3;
			productRefGroup = 9DDA0A5B15828E1E00CB23D3 /* Products */;
			projectDirPath = "";
			projectRoot = "";
			targets = (
				9DDA0A5915828E1E00CB23D3 /* CorePlotBarChartExample */,
			);
		};
/* End PBXProject section */

/* Begin PBXResourcesBuildPhase section */
		9DDA0A5815828E1E00CB23D3 /* Resources */ = {
			isa = PBXResourcesBuildPhase;
			buildActionMask = 2147483647;
			files = (
				9DDA0A6915828E1E00CB23D3 /* InfoPlist.strings in Resources */,
				9DDA0A7515828E1E00CB23D3 /* ViewController.xib in Resources */,
			);
			runOnlyForDeploymentPostprocessing = 0;
		};
/* End PBXResourcesBuildPhase section */

/* Begin PBXSourcesBuildPhase section */
		9DDA0A5615828E1E00CB23D3 /* Sources */ = {
			isa = PBXSourcesBuildPhase;
			buildActionMask = 2147483647;
			files = (
				9DDA0A6B15828E1E00CB23D3 /* main.m in Sources */,
				9DDA0A6F15828E1E00CB23D3 /* AppDelegate.m in Sources */,
				9DDA0A7215828E1E00CB23D3 /* ViewController.m in Sources */,
				9DDA0A811582A15500CB23D3 /* GraphView.m in Sources */,
			);
			runOnlyForDeploymentPostprocessing = 0;
		};
/* End PBXSourcesBuildPhase section */

/* Begin PBXVariantGroup section */
		9DDA0A6715828E1E00CB23D3 /* InfoPlist.strings */ = {
			isa = PBXVariantGroup;
			children = (
				9DDA0A6815828E1E00CB23D3 /* en */,
			);
			name = InfoPlist.strings;
			sourceTree = "<group>";
		};
		9DDA0A7315828E1E00CB23D3 /* ViewController.xib */ = {
			isa = PBXVariantGroup;
			children = (
				9DDA0A7415828E1E00CB23D3 /* en */,
			);
			name = ViewController.xib;
			sourceTree = "<group>";
		};
/* End PBXVariantGroup section */

/* Begin XCBuildConfiguration section */
		9DDA0A7615828E1E00CB23D3 /* Debug */ = {
			isa = XCBuildConfiguration;
			buildSettings = {
				ALWAYS_SEARCH_USER_PATHS = NO;
				ARCHS = "$(ARCHS_STANDARD_32_BIT)";
				"CODE_SIGN_IDENTITY[sdk=iphoneos*]" = "iPhone Developer";
				COPY_PHASE_STRIP = NO;
				GCC_C_LANGUAGE_STANDARD = gnu99;
				GCC_DYNAMIC_NO_PIC = NO;
				GCC_OPTIMIZATION_LEVEL = 0;
				GCC_PREPROCESSOR_DEFINITIONS = (
					"DEBUG=1",
					"$(inherited)",
				);
				GCC_SYMBOLS_PRIVATE_EXTERN = NO;
				GCC_VERSION = com.apple.compilers.llvm.clang.1_0;
				GCC_WARN_ABOUT_RETURN_TYPE = YES;
				GCC_WARN_UNINITIALIZED_AUTOS = YES;
				GCC_WARN_UNUSED_VARIABLE = YES;
				IPHONEOS_DEPLOYMENT_TARGET = 5.1;
				SDKROOT = iphoneos;
				TARGETED_DEVICE_FAMILY = 2;
			};
			name = Debug;
		};
		9DDA0A7715828E1E00CB23D3 /* Release */ = {
			isa = XCBuildConfiguration;
			buildSettings = {
				ALWAYS_SEARCH_USER_PATHS = NO;
				ARCHS = "$(ARCHS_STANDARD_32_BIT)";
				"CODE_SIGN_IDENTITY[sdk=iphoneos*]" = "iPhone Developer";
				COPY_PHASE_STRIP = YES;
				GCC_C_LANGUAGE_STANDARD = gnu99;
				GCC_VERSION = com.apple.compilers.llvm.clang.1_0;
				GCC_WARN_ABOUT_RETURN_TYPE = YES;
				GCC_WARN_UNINITIALIZED_AUTOS = YES;
				GCC_WARN_UNUSED_VARIABLE = YES;
				IPHONEOS_DEPLOYMENT_TARGET = 5.1;
				OTHER_CFLAGS = "-DNS_BLOCK_ASSERTIONS=1";
				SDKROOT = iphoneos;
				TARGETED_DEVICE_FAMILY = 2;
				VALIDATE_PRODUCT = YES;
			};
			name = Release;
		};
		9DDA0A7915828E1E00CB23D3 /* Debug */ = {
			isa = XCBuildConfiguration;
			buildSettings = {
				GCC_PRECOMPILE_PREFIX_HEADER = YES;
				GCC_PREFIX_HEADER = "CorePlotBarChartExample/CorePlotBarChartExample-Prefix.pch";
				INFOPLIST_FILE = "CorePlotBarChartExample/CorePlotBarChartExample-Info.plist";
				LIBRARY_SEARCH_PATHS = (
					"$(inherited)",
					"\"$(SRCROOT)/CorePlotBarChartExample/Libraries/CorePlot\"",
				);
				OTHER_LDFLAGS = "-ObjC";
				PRODUCT_NAME = "$(TARGET_NAME)";
				WRAPPER_EXTENSION = app;
			};
			name = Debug;
		};
		9DDA0A7A15828E1E00CB23D3 /* Release */ = {
			isa = XCBuildConfiguration;
			buildSettings = {
				GCC_PRECOMPILE_PREFIX_HEADER = YES;
				GCC_PREFIX_HEADER = "CorePlotBarChartExample/CorePlotBarChartExample-Prefix.pch";
				INFOPLIST_FILE = "CorePlotBarChartExample/CorePlotBarChartExample-Info.plist";
				LIBRARY_SEARCH_PATHS = (
					"$(inherited)",
					"\"$(SRCROOT)/CorePlotBarChartExample/Libraries/CorePlot\"",
				);
				OTHER_LDFLAGS = "-ObjC";
				PRODUCT_NAME = "$(TARGET_NAME)";
				WRAPPER_EXTENSION = app;
			};
			name = Release;
		};
/* End XCBuildConfiguration section */

/* Begin XCConfigurationList section */
		9DDA0A5415828E1E00CB23D3 /* Build configuration list for PBXProject "CorePlotBarChartExample" */ = {
			isa = XCConfigurationList;
			buildConfigurations = (
				9DDA0A7615828E1E00CB23D3 /* Debug */,
				9DDA0A7715828E1E00CB23D3 /* Release */,
			);
			defaultConfigurationIsVisible = 0;
			defaultConfigurationName = Release;
		};
		9DDA0A7815828E1E00CB23D3 /* Build configuration list for PBXNativeTarget "CorePlotBarChartExample" */ = {
			isa = XCConfigurationList;
			buildConfigurations = (
				9DDA0A7915828E1E00CB23D3 /* Debug */,
				9DDA0A7A15828E1E00CB23D3 /* Release */,
			);
			defaultConfigurationIsVisible = 0;
			defaultConfigurationName = Release;
		};
/* End XCConfigurationList section */
	};
	rootObject = 9DDA0A5115828E1E00CB23D3 /* Project object */;
}
